// !$*UTF8*$!
{
	archiveVersion = 1;
	classes = {
	};
	objectVersion = 50;
	objects = {

/* Begin PBXBuildFile section */
		47E58E9124E0C97F0041FC84 /* AppDelegate.swift in Sources */ = {isa = PBXBuildFile; fileRef = 47E58E9024E0C97F0041FC84 /* AppDelegate.swift */; };
		47E58E9324E0C97F0041FC84 /* SceneDelegate.swift in Sources */ = {isa = PBXBuildFile; fileRef = 47E58E9224E0C97F0041FC84 /* SceneDelegate.swift */; };
		47E58E9D24E0C9840041FC84 /* Assets.xcassets in Resources */ = {isa = PBXBuildFile; fileRef = 47E58E9C24E0C9840041FC84 /* Assets.xcassets */; };
		47E58EA024E0C9840041FC84 /* LaunchScreen.storyboard in Resources */ = {isa = PBXBuildFile; fileRef = 47E58E9E24E0C9840041FC84 /* LaunchScreen.storyboard */; };
		47E58EAD24E0C9EC0041FC84 /* MapViewController.swift in Sources */ = {isa = PBXBuildFile; fileRef = 47E58EA924E0C9EC0041FC84 /* MapViewController.swift */; };
		47E58EAE24E0C9EC0041FC84 /* PhotoAlbumViewController.swift in Sources */ = {isa = PBXBuildFile; fileRef = 47E58EAA24E0C9EC0041FC84 /* PhotoAlbumViewController.swift */; };
		47E58EAF24E0C9EC0041FC84 /* PhotoCell.swift in Sources */ = {isa = PBXBuildFile; fileRef = 47E58EAB24E0C9EC0041FC84 /* PhotoCell.swift */; };
		47E58EB024E0C9EC0041FC84 /* NavigationController.swift in Sources */ = {isa = PBXBuildFile; fileRef = 47E58EAC24E0C9EC0041FC84 /* NavigationController.swift */; };
		47E58EBA24E0CA010041FC84 /* FlickrJSON.swift in Sources */ = {isa = PBXBuildFile; fileRef = 47E58EB224E0CA000041FC84 /* FlickrJSON.swift */; };
		47E58EBB24E0CA010041FC84 /* FlickrAPI.swift in Sources */ = {isa = PBXBuildFile; fileRef = 47E58EB324E0CA000041FC84 /* FlickrAPI.swift */; };
		47E58EBC24E0CA010041FC84 /* Photo.swift in Sources */ = {isa = PBXBuildFile; fileRef = 47E58EB524E0CA010041FC84 /* Photo.swift */; };
		47E58EBD24E0CA010041FC84 /* Pin.swift in Sources */ = {isa = PBXBuildFile; fileRef = 47E58EB624E0CA010041FC84 /* Pin.swift */; };
		47E58EBE24E0CA010041FC84 /* MKCoordinateRegion+Codable.swift in Sources */ = {isa = PBXBuildFile; fileRef = 47E58EB724E0CA010041FC84 /* MKCoordinateRegion+Codable.swift */; };
		47E58EBF24E0CA010041FC84 /* ProjectUtilities.swift in Sources */ = {isa = PBXBuildFile; fileRef = 47E58EB924E0CA010041FC84 /* ProjectUtilities.swift */; };
		47E58EC124E0CA130041FC84 /* Main.storyboard in Resources */ = {isa = PBXBuildFile; fileRef = 47E58EC024E0CA130041FC84 /* Main.storyboard */; };
		47E58ECA24E0CC860041FC84 /* VirtualTourist.xcdatamodeld in Sources */ = {isa = PBXBuildFile; fileRef = 47E58EC824E0CC860041FC84 /* VirtualTourist.xcdatamodeld */; };
/* End PBXBuildFile section */

/* Begin PBXFileReference section */
		47E58E8D24E0C97F0041FC84 /* VirtualTourist.app */ = {isa = PBXFileReference; explicitFileType = wrapper.application; includeInIndex = 0; path = VirtualTourist.app; sourceTree = BUILT_PRODUCTS_DIR; };
		47E58E9024E0C97F0041FC84 /* AppDelegate.swift */ = {isa = PBXFileReference; lastKnownFileType = sourcecode.swift; path = AppDelegate.swift; sourceTree = "<group>"; };
		47E58E9224E0C97F0041FC84 /* SceneDelegate.swift */ = {isa = PBXFileReference; lastKnownFileType = sourcecode.swift; path = SceneDelegate.swift; sourceTree = "<group>"; };
		47E58E9C24E0C9840041FC84 /* Assets.xcassets */ = {isa = PBXFileReference; lastKnownFileType = folder.assetcatalog; path = Assets.xcassets; sourceTree = "<group>"; };
		47E58E9F24E0C9840041FC84 /* Base */ = {isa = PBXFileReference; lastKnownFileType = file.storyboard; name = Base; path = Base.lproj/LaunchScreen.storyboard; sourceTree = "<group>"; };
		47E58EA124E0C9840041FC84 /* Info.plist */ = {isa = PBXFileReference; lastKnownFileType = text.plist.xml; path = Info.plist; sourceTree = "<group>"; };
		47E58EA924E0C9EC0041FC84 /* MapViewController.swift */ = {isa = PBXFileReference; fileEncoding = 4; lastKnownFileType = sourcecode.swift; path = MapViewController.swift; sourceTree = "<group>"; };
		47E58EAA24E0C9EC0041FC84 /* PhotoAlbumViewController.swift */ = {isa = PBXFileReference; fileEncoding = 4; lastKnownFileType = sourcecode.swift; path = PhotoAlbumViewController.swift; sourceTree = "<group>"; };
		47E58EAB24E0C9EC0041FC84 /* PhotoCell.swift */ = {isa = PBXFileReference; fileEncoding = 4; lastKnownFileType = sourcecode.swift; path = PhotoCell.swift; sourceTree = "<group>"; };
		47E58EAC24E0C9EC0041FC84 /* NavigationController.swift */ = {isa = PBXFileReference; fileEncoding = 4; lastKnownFileType = sourcecode.swift; path = NavigationController.swift; sourceTree = "<group>"; };
		47E58EB224E0CA000041FC84 /* FlickrJSON.swift */ = {isa = PBXFileReference; fileEncoding = 4; lastKnownFileType = sourcecode.swift; path = FlickrJSON.swift; sourceTree = "<group>"; };
		47E58EB324E0CA000041FC84 /* FlickrAPI.swift */ = {isa = PBXFileReference; fileEncoding = 4; lastKnownFileType = sourcecode.swift; path = FlickrAPI.swift; sourceTree = "<group>"; };
		47E58EB524E0CA010041FC84 /* Photo.swift */ = {isa = PBXFileReference; fileEncoding = 4; lastKnownFileType = sourcecode.swift; path = Photo.swift; sourceTree = "<group>"; };
		47E58EB624E0CA010041FC84 /* Pin.swift */ = {isa = PBXFileReference; fileEncoding = 4; lastKnownFileType = sourcecode.swift; path = Pin.swift; sourceTree = "<group>"; };
		47E58EB724E0CA010041FC84 /* MKCoordinateRegion+Codable.swift */ = {isa = PBXFileReference; fileEncoding = 4; lastKnownFileType = sourcecode.swift; path = "MKCoordinateRegion+Codable.swift"; sourceTree = "<group>"; };
		47E58EB924E0CA010041FC84 /* ProjectUtilities.swift */ = {isa = PBXFileReference; fileEncoding = 4; lastKnownFileType = sourcecode.swift; path = ProjectUtilities.swift; sourceTree = "<group>"; };
		47E58EC024E0CA130041FC84 /* Main.storyboard */ = {isa = PBXFileReference; fileEncoding = 4; lastKnownFileType = file.storyboard; path = Main.storyboard; sourceTree = "<group>"; };
		47E58EC924E0CC860041FC84 /* VirtualTourist.xcdatamodel */ = {isa = PBXFileReference; lastKnownFileType = wrapper.xcdatamodel; path = VirtualTourist.xcdatamodel; sourceTree = "<group>"; };
/* End PBXFileReference section */

/* Begin PBXFrameworksBuildPhase section */
		47E58E8A24E0C97F0041FC84 /* Frameworks */ = {
			isa = PBXFrameworksBuildPhase;
			buildActionMask = 2147483647;
			files = (
			);
			runOnlyForDeploymentPostprocessing = 0;
		};
/* End PBXFrameworksBuildPhase section */

/* Begin PBXGroup section */
		47E58E8424E0C97F0041FC84 = {
			isa = PBXGroup;
			children = (
				47E58E8F24E0C97F0041FC84 /* VirtualTourist */,
				47E58E8E24E0C97F0041FC84 /* Products */,
			);
			sourceTree = "<group>";
		};
		47E58E8E24E0C97F0041FC84 /* Products */ = {
			isa = PBXGroup;
			children = (
				47E58E8D24E0C97F0041FC84 /* VirtualTourist.app */,
			);
			name = Products;
			sourceTree = "<group>";
		};
		47E58E8F24E0C97F0041FC84 /* VirtualTourist */ = {
			isa = PBXGroup;
			children = (
				47E58EB124E0CA000041FC84 /* Model */,
				47E58EB824E0CA010041FC84 /* Utilities */,
				47E58EA824E0C9D30041FC84 /* ViewControllers */,
				47E58EA724E0C9AE0041FC84 /* Main */,
				47E58EC024E0CA130041FC84 /* Main.storyboard */,
				47E58E9C24E0C9840041FC84 /* Assets.xcassets */,
				47E58E9E24E0C9840041FC84 /* LaunchScreen.storyboard */,
				47E58EA124E0C9840041FC84 /* Info.plist */,
				47E58EC824E0CC860041FC84 /* VirtualTourist.xcdatamodeld */,
			);
			path = VirtualTourist;
			sourceTree = "<group>";
		};
		47E58EA724E0C9AE0041FC84 /* Main */ = {
			isa = PBXGroup;
			children = (
				47E58E9024E0C97F0041FC84 /* AppDelegate.swift */,
				47E58E9224E0C97F0041FC84 /* SceneDelegate.swift */,
			);
			path = Main;
			sourceTree = "<group>";
		};
		47E58EA824E0C9D30041FC84 /* ViewControllers */ = {
			isa = PBXGroup;
			children = (
				47E58EA924E0C9EC0041FC84 /* MapViewController.swift */,
				47E58EAC24E0C9EC0041FC84 /* NavigationController.swift */,
				47E58EAA24E0C9EC0041FC84 /* PhotoAlbumViewController.swift */,
				47E58EAB24E0C9EC0041FC84 /* PhotoCell.swift */,
			);
			path = ViewControllers;
			sourceTree = "<group>";
		};
		47E58EB124E0CA000041FC84 /* Model */ = {
			isa = PBXGroup;
			children = (
				47E58EB224E0CA000041FC84 /* FlickrJSON.swift */,
				47E58EB324E0CA000041FC84 /* FlickrAPI.swift */,
				47E58EB424E0CA010041FC84 /* Core Data Classes */,
				47E58EB724E0CA010041FC84 /* MKCoordinateRegion+Codable.swift */,
			);
			path = Model;
			sourceTree = "<group>";
		};
		47E58EB424E0CA010041FC84 /* Core Data Classes */ = {
			isa = PBXGroup;
			children = (
				47E58EB524E0CA010041FC84 /* Photo.swift */,
				47E58EB624E0CA010041FC84 /* Pin.swift */,
			);
			path = "Core Data Classes";
			sourceTree = "<group>";
		};
		47E58EB824E0CA010041FC84 /* Utilities */ = {
			isa = PBXGroup;
			children = (
				47E58EB924E0CA010041FC84 /* ProjectUtilities.swift */,
			);
			path = Utilities;
			sourceTree = "<group>";
		};
/* End PBXGroup section */

/* Begin PBXNativeTarget section */
		47E58E8C24E0C97F0041FC84 /* VirtualTourist */ = {
			isa = PBXNativeTarget;
			buildConfigurationList = 47E58EA424E0C9840041FC84 /* Build configuration list for PBXNativeTarget "VirtualTourist" */;
			buildPhases = (
				47E58E8924E0C97F0041FC84 /* Sources */,
				47E58E8A24E0C97F0041FC84 /* Frameworks */,
				47E58E8B24E0C97F0041FC84 /* Resources */,
			);
			buildRules = (
			);
			dependencies = (
			);
			name = VirtualTourist;
			productName = VirtualTourist;
			productReference = 47E58E8D24E0C97F0041FC84 /* VirtualTourist.app */;
			productType = "com.apple.product-type.application";
		};
/* End PBXNativeTarget section */

/* Begin PBXProject section */
		47E58E8524E0C97F0041FC84 /* Project object */ = {
			isa = PBXProject;
			attributes = {
				LastSwiftUpdateCheck = 1160;
				LastUpgradeCheck = 1160;
				ORGANIZATIONNAME = "Peter Schorn";
				TargetAttributes = {
					47E58E8C24E0C97F0041FC84 = {
						CreatedOnToolsVersion = 11.6;
					};
				};
			};
			buildConfigurationList = 47E58E8824E0C97F0041FC84 /* Build configuration list for PBXProject "VirtualTourist" */;
			compatibilityVersion = "Xcode 9.3";
			developmentRegion = en;
			hasScannedForEncodings = 0;
			knownRegions = (
				en,
				Base,
			);
			mainGroup = 47E58E8424E0C97F0041FC84;
			productRefGroup = 47E58E8E24E0C97F0041FC84 /* Products */;
			projectDirPath = "";
			projectRoot = "";
			targets = (
				47E58E8C24E0C97F0041FC84 /* VirtualTourist */,
			);
		};
/* End PBXProject section */

/* Begin PBXResourcesBuildPhase section */
		47E58E8B24E0C97F0041FC84 /* Resources */ = {
			isa = PBXResourcesBuildPhase;
			buildActionMask = 2147483647;
			files = (
				47E58EC124E0CA130041FC84 /* Main.storyboard in Resources */,
				47E58EA024E0C9840041FC84 /* LaunchScreen.storyboard in Resources */,
				47E58E9D24E0C9840041FC84 /* Assets.xcassets in Resources */,
			);
			runOnlyForDeploymentPostprocessing = 0;
		};
/* End PBXResourcesBuildPhase section */

/* Begin PBXSourcesBuildPhase section */
		47E58E8924E0C97F0041FC84 /* Sources */ = {
			isa = PBXSourcesBuildPhase;
			buildActionMask = 2147483647;
			files = (
				47E58EAF24E0C9EC0041FC84 /* PhotoCell.swift in Sources */,
				47E58ECA24E0CC860041FC84 /* VirtualTourist.xcdatamodeld in Sources */,
				47E58EB024E0C9EC0041FC84 /* NavigationController.swift in Sources */,
				47E58EBE24E0CA010041FC84 /* MKCoordinateRegion+Codable.swift in Sources */,
				47E58EBA24E0CA010041FC84 /* FlickrJSON.swift in Sources */,
				47E58EBD24E0CA010041FC84 /* Pin.swift in Sources */,
				47E58EBF24E0CA010041FC84 /* ProjectUtilities.swift in Sources */,
				47E58E9124E0C97F0041FC84 /* AppDelegate.swift in Sources */,
				47E58EAD24E0C9EC0041FC84 /* MapViewController.swift in Sources */,
				47E58EBC24E0CA010041FC84 /* Photo.swift in Sources */,
				47E58E9324E0C97F0041FC84 /* SceneDelegate.swift in Sources */,
				47E58EAE24E0C9EC0041FC84 /* PhotoAlbumViewController.swift in Sources */,
				47E58EBB24E0CA010041FC84 /* FlickrAPI.swift in Sources */,
			);
			runOnlyForDeploymentPostprocessing = 0;
		};
/* End PBXSourcesBuildPhase section */

/* Begin PBXVariantGroup section */
		47E58E9E24E0C9840041FC84 /* LaunchScreen.storyboard */ = {
			isa = PBXVariantGroup;
			children = (
				47E58E9F24E0C9840041FC84 /* Base */,
			);
			name = LaunchScreen.storyboard;
			sourceTree = "<group>";
		};
/* End PBXVariantGroup section */

/* Begin XCBuildConfiguration section */
		47E58EA224E0C9840041FC84 /* Debug */ = {
			isa = XCBuildConfiguration;
			buildSettings = {
				ALWAYS_SEARCH_USER_PATHS = NO;
				CLANG_ANALYZER_NONNULL = YES;
				CLANG_ANALYZER_NUMBER_OBJECT_CONVERSION = YES_AGGRESSIVE;
				CLANG_CXX_LANGUAGE_STANDARD = "gnu++14";
				CLANG_CXX_LIBRARY = "libc++";
				CLANG_ENABLE_MODULES = YES;
				CLANG_ENABLE_OBJC_ARC = YES;
				CLANG_ENABLE_OBJC_WEAK = YES;
				CLANG_WARN_BLOCK_CAPTURE_AUTORELEASING = YES;
				CLANG_WARN_BOOL_CONVERSION = YES;
				CLANG_WARN_COMMA = YES;
				CLANG_WARN_CONSTANT_CONVERSION = YES;
				CLANG_WARN_DEPRECATED_OBJC_IMPLEMENTATIONS = YES;
				CLANG_WARN_DIRECT_OBJC_ISA_USAGE = YES_ERROR;
				CLANG_WARN_DOCUMENTATION_COMMENTS = YES;
				CLANG_WARN_EMPTY_BODY = YES;
				CLANG_WARN_ENUM_CONVERSION = YES;
				CLANG_WARN_INFINITE_RECURSION = YES;
				CLANG_WARN_INT_CONVERSION = YES;
				CLANG_WARN_NON_LITERAL_NULL_CONVERSION = YES;
				CLANG_WARN_OBJC_IMPLICIT_RETAIN_SELF = YES;
				CLANG_WARN_OBJC_LITERAL_CONVERSION = YES;
				CLANG_WARN_OBJC_ROOT_CLASS = YES_ERROR;
				CLANG_WARN_RANGE_LOOP_ANALYSIS = YES;
				CLANG_WARN_STRICT_PROTOTYPES = YES;
				CLANG_WARN_SUSPICIOUS_MOVE = YES;
				CLANG_WARN_UNGUARDED_AVAILABILITY = YES_AGGRESSIVE;
				CLANG_WARN_UNREACHABLE_CODE = YES;
				CLANG_WARN__DUPLICATE_METHOD_MATCH = YES;
				COPY_PHASE_STRIP = NO;
				DEBUG_INFORMATION_FORMAT = dwarf;
				ENABLE_STRICT_OBJC_MSGSEND = YES;
				ENABLE_TESTABILITY = YES;
				GCC_C_LANGUAGE_STANDARD = gnu11;
				GCC_DYNAMIC_NO_PIC = NO;
				GCC_NO_COMMON_BLOCKS = YES;
				GCC_OPTIMIZATION_LEVEL = 0;
				GCC_PREPROCESSOR_DEFINITIONS = (
					"DEBUG=1",
					"$(inherited)",
				);
				GCC_WARN_64_TO_32_BIT_CONVERSION = YES;
				GCC_WARN_ABOUT_RETURN_TYPE = YES_ERROR;
				GCC_WARN_UNDECLARED_SELECTOR = YES;
				GCC_WARN_UNINITIALIZED_AUTOS = YES_AGGRESSIVE;
				GCC_WARN_UNUSED_FUNCTION = YES;
				GCC_WARN_UNUSED_VARIABLE = YES;
				IPHONEOS_DEPLOYMENT_TARGET = 13.6;
				MTL_ENABLE_DEBUG_INFO = INCLUDE_SOURCE;
				MTL_FAST_MATH = YES;
				ONLY_ACTIVE_ARCH = YES;
				SDKROOT = iphoneos;
				SWIFT_ACTIVE_COMPILATION_CONDITIONS = DEBUG;
				SWIFT_OPTIMIZATION_LEVEL = "-Onone";
			};
			name = Debug;
		};
		47E58EA324E0C9840041FC84 /* Release */ = {
			isa = XCBuildConfiguration;
			buildSettings = {
				ALWAYS_SEARCH_USER_PATHS = NO;
				CLANG_ANALYZER_NONNULL = YES;
				CLANG_ANALYZER_NUMBER_OBJECT_CONVERSION = YES_AGGRESSIVE;
				CLANG_CXX_LANGUAGE_STANDARD = "gnu++14";
				CLANG_CXX_LIBRARY = "libc++";
				CLANG_ENABLE_MODULES = YES;
				CLANG_ENABLE_OBJC_ARC = YES;
				CLANG_ENABLE_OBJC_WEAK = YES;
				CLANG_WARN_BLOCK_CAPTURE_AUTORELEASING = YES;
				CLANG_WARN_BOOL_CONVERSION = YES;
				CLANG_WARN_COMMA = YES;
				CLANG_WARN_CONSTANT_CONVERSION = YES;
				CLANG_WARN_DEPRECATED_OBJC_IMPLEMENTATIONS = YES;
				CLANG_WARN_DIRECT_OBJC_ISA_USAGE = YES_ERROR;
				CLANG_WARN_DOCUMENTATION_COMMENTS = YES;
				CLANG_WARN_EMPTY_BODY = YES;
				CLANG_WARN_ENUM_CONVERSION = YES;
				CLANG_WARN_INFINITE_RECURSION = YES;
				CLANG_WARN_INT_CONVERSION = YES;
				CLANG_WARN_NON_LITERAL_NULL_CONVERSION = YES;
				CLANG_WARN_OBJC_IMPLICIT_RETAIN_SELF = YES;
				CLANG_WARN_OBJC_LITERAL_CONVERSION = YES;
				CLANG_WARN_OBJC_ROOT_CLASS = YES_ERROR;
				CLANG_WARN_RANGE_LOOP_ANALYSIS = YES;
				CLANG_WARN_STRICT_PROTOTYPES = YES;
				CLANG_WARN_SUSPICIOUS_MOVE = YES;
				CLANG_WARN_UNGUARDED_AVAILABILITY = YES_AGGRESSIVE;
				CLANG_WARN_UNREACHABLE_CODE = YES;
				CLANG_WARN__DUPLICATE_METHOD_MATCH = YES;
				COPY_PHASE_STRIP = NO;
				DEBUG_INFORMATION_FORMAT = "dwarf-with-dsym";
				ENABLE_NS_ASSERTIONS = NO;
				ENABLE_STRICT_OBJC_MSGSEND = YES;
				GCC_C_LANGUAGE_STANDARD = gnu11;
				GCC_NO_COMMON_BLOCKS = YES;
				GCC_WARN_64_TO_32_BIT_CONVERSION = YES;
				GCC_WARN_ABOUT_RETURN_TYPE = YES_ERROR;
				GCC_WARN_UNDECLARED_SELECTOR = YES;
				GCC_WARN_UNINITIALIZED_AUTOS = YES_AGGRESSIVE;
				GCC_WARN_UNUSED_FUNCTION = YES;
				GCC_WARN_UNUSED_VARIABLE = YES;
				IPHONEOS_DEPLOYMENT_TARGET = 13.6;
				MTL_ENABLE_DEBUG_INFO = NO;
				MTL_FAST_MATH = YES;
				SDKROOT = iphoneos;
				SWIFT_COMPILATION_MODE = wholemodule;
				SWIFT_OPTIMIZATION_LEVEL = "-O";
				VALIDATE_PRODUCT = YES;
			};
			name = Release;
		};
		47E58EA524E0C9840041FC84 /* Debug */ = {
			isa = XCBuildConfiguration;
			buildSettings = {
				ASSETCATALOG_COMPILER_APPICON_NAME = AppIcon;
				CODE_SIGN_STYLE = Automatic;
				DEVELOPMENT_TEAM = NB77K8UB8Y;
				INFOPLIST_FILE = VirtualTourist/Info.plist;
				LD_RUNPATH_SEARCH_PATHS = (
					"$(inherited)",
					"@executable_path/Frameworks",
				);
				PRODUCT_BUNDLE_IDENTIFIER = "Peter-Schorn.VirtualTourist";
				PRODUCT_NAME = "$(TARGET_NAME)";
				SWIFT_VERSION = 5.0;
				TARGETED_DEVICE_FAMILY = "1,2";
			};
			name = Debug;
		};
		47E58EA624E0C9840041FC84 /* Release */ = {
			isa = XCBuildConfiguration;
			buildSettings = {
				ASSETCATALOG_COMPILER_APPICON_NAME = AppIcon;
				CODE_SIGN_STYLE = Automatic;
				DEVELOPMENT_TEAM = NB77K8UB8Y;
				INFOPLIST_FILE = VirtualTourist/Info.plist;
				LD_RUNPATH_SEARCH_PATHS = (
					"$(inherited)",
					"@executable_path/Frameworks",
				);
				PRODUCT_BUNDLE_IDENTIFIER = "Peter-Schorn.VirtualTourist";
				PRODUCT_NAME = "$(TARGET_NAME)";
				SWIFT_VERSION = 5.0;
				TARGETED_DEVICE_FAMILY = "1,2";
			};
			name = Release;
		};
/* End XCBuildConfiguration section */

/* Begin XCConfigurationList section */
		47E58E8824E0C97F0041FC84 /* Build configuration list for PBXProject "VirtualTourist" */ = {
			isa = XCConfigurationList;
			buildConfigurations = (
				47E58EA224E0C9840041FC84 /* Debug */,
				47E58EA324E0C9840041FC84 /* Release */,
			);
			defaultConfigurationIsVisible = 0;
			defaultConfigurationName = Release;
		};
		47E58EA424E0C9840041FC84 /* Build configuration list for PBXNativeTarget "VirtualTourist" */ = {
			isa = XCConfigurationList;
			buildConfigurations = (
				47E58EA524E0C9840041FC84 /* Debug */,
				47E58EA624E0C9840041FC84 /* Release */,
			);
			defaultConfigurationIsVisible = 0;
			defaultConfigurationName = Release;
		};
/* End XCConfigurationList section */

/* Begin XCVersionGroup section */
		47E58EC824E0CC860041FC84 /* VirtualTourist.xcdatamodeld */ = {
			isa = XCVersionGroup;
			children = (
				47E58EC924E0CC860041FC84 /* VirtualTourist.xcdatamodel */,
			);
			currentVersion = 47E58EC924E0CC860041FC84 /* VirtualTourist.xcdatamodel */;
			path = VirtualTourist.xcdatamodeld;
			sourceTree = "<group>";
			versionGroupType = wrapper.xcdatamodel;
		};
/* End XCVersionGroup section */
	};
	rootObject = 47E58E8524E0C97F0041FC84 /* Project object */;
}
